
Microsoft Visual Studio Solution File, Format Version 12.00
# Visual Studio Version 17
VisualStudioVersion = 17.7.34031.279
MinimumVisualStudioVersion = 10.0.40219.1
Project("{FAE04EC0-301F-11D3-BF4B-00C04F79EFBC}") = "Checkers", "Checkers\Checkers.csproj", "{462FDCD1-AC02-4360-A5FD-F59666855FC8}"
EndProject
Global
	GlobalSection(SolutionConfigurationPlatforms) = preSolution
		Debug|Any CPU = Debug|Any CPU
		Release|Any CPU = Release|Any CPU
	EndGlobalSection
	GlobalSection(ProjectConfigurationPlatforms) = postSolution
		{462FDCD1-AC02-4360-A5FD-F59666855FC8}.Debug|Any CPU.ActiveCfg = Debug|Any CPU
		{462FDCD1-AC02-4360-A5FD-F59666855FC8}.Debug|Any CPU.Build.0 = Debug|Any CPU
		{462FDCD1-AC02-4360-A5FD-F59666855FC8}.Release|Any CPU.ActiveCfg = Release|Any CPU
		{462FDCD1-AC02-4360-A5FD-F59666855FC8}.Release|Any CPU.Build.0 = Release|Any CPU
	EndGlobalSection
	GlobalSection(SolutionProperties) = preSolution
		HideSolutionNode = FALSE
	EndGlobalSection
	GlobalSection(ExtensibilityGlobals) = postSolution
		SolutionGuid = {36D6F88F-D48A-4244-9FFB-8430642E8A00}
	EndGlobalSection
EndGlobal
